# This file is generated by running "yarn install" inside your project.
# Manual changes might be lost - proceed with caution!

__metadata:
  version: 4
  cacheKey: 7

"@alker0/cirrus-types@workspace:.":
  version: 0.0.0-use.local
  resolution: "@alker0/cirrus-types@workspace:."
  dependencies:
    postcss: ^7.0.35
    postcss-import-url: ^5.1.0
    postcss-ts-classnames: ^0.3.0
  peerDependencies:
    cirrus-ui: 0.6.2
  peerDependenciesMeta:
    cirrus-ui:
      optional: true
  languageName: unknown
  linkType: soft

"ansi-styles@npm:^3.2.1":
  version: 3.2.1
  resolution: "ansi-styles@npm:3.2.1"
  dependencies:
    color-convert: ^1.9.0
  checksum: 456e1c23d9277512a47718da75e7fbb0a5ee215ef893c2f76d6b3efe8fceabc861121b80b0362146f5f995d21a1633f05a19bbf6283ae66ac11dc3b9c0bed779
  languageName: node
  linkType: hard

"chalk@npm:^2.4.2":
  version: 2.4.2
  resolution: "chalk@npm:2.4.2"
  dependencies:
    ansi-styles: ^3.2.1
    escape-string-regexp: ^1.0.5
    supports-color: ^5.3.0
  checksum: 22c7b7b5bc761c882bb6516454a1a671923f1c53ff972860065aa0b28a195f230163c1d46ee88bcc7a03e5539177d896457d8bc727de7f244c6e87032743038e
  languageName: node
  linkType: hard

"color-convert@npm:^1.9.0":
  version: 1.9.3
  resolution: "color-convert@npm:1.9.3"
  dependencies:
    color-name: 1.1.3
  checksum: 5f244daa3d1fe1f216d48878c550465067d15268688308554e613b7640a068f96588096d51f0b98b68f15d6ff6bb8ad24e172582ac8c0ad43fa4d3da60fd1b79
  languageName: node
  linkType: hard

"color-name@npm:1.1.3":
  version: 1.1.3
  resolution: "color-name@npm:1.1.3"
  checksum: d8b91bb90aefc05b6ff568cf8889566dcc6269824df6f3c9b8ca842b18d7f4d089c07dc166808d33f22092d4a79167aa56a96a5ff0d21efab548bf44614db43b
  languageName: node
  linkType: hard

"cssesc@npm:^3.0.0":
  version: 3.0.0
  resolution: "cssesc@npm:3.0.0"
  bin:
    cssesc: bin/cssesc
  checksum: 673783eda1f89af3faefc0e4b833f40621f484ce102a23396e7a65cc4c42798bd91ee3656c8b04a0a5ca38d40ada5bc8663e4541c380a7a81af2de5b2322e443
  languageName: node
  linkType: hard

"escape-string-regexp@npm:^1.0.5":
  version: 1.0.5
  resolution: "escape-string-regexp@npm:1.0.5"
  checksum: f9484b8b4c8827d816e0fd905c25ed4b561376a9c220e1430403ea84619bf680c76a883a48cff8b8e091daf55d6a497e37479f9787b9f15f3c421b6054289744
  languageName: node
  linkType: hard

"has-flag@npm:^3.0.0":
  version: 3.0.0
  resolution: "has-flag@npm:3.0.0"
  checksum: 63aade480d27aeedb3b5b63a2e069d47d0006bf182338d662e7941cdc024e68a28418e0efa8dc5df30db9c4ee2407f39e6ea3f16cfbc6b83848b450826a28aa0
  languageName: node
  linkType: hard

"http-https@npm:^1.0.0":
  version: 1.0.0
  resolution: "http-https@npm:1.0.0"
  checksum: 8fe3a5f25cfb8a42a909ebb2c5589e7847a959bb98b6632490f2b40aa6a8f0a6821f30e4ad20be3b71a18e1851ba14a52a25ef4dbb577837da91685a6ef7c866
  languageName: node
  linkType: hard

"is-url@npm:^1.2.4":
  version: 1.2.4
  resolution: "is-url@npm:1.2.4"
  checksum: 76d309e9fafdb3117c110ae2911e23f0fb6bf595f5d2c3470def80480e86903e95d84dbdf050f1f9cc746a47e7ea3b24c7096758c724224c5b67211783852e53
  languageName: node
  linkType: hard

"lodash.assign@npm:^4.2.0":
  version: 4.2.0
  resolution: "lodash.assign@npm:4.2.0"
  checksum: ef1a67138d5276b7df6552e3f83b83f2e0fd801d59bc217bb0cb07c3dc82398654733c6a37d6feb531cda331a741ab9007d1fa7c6d96a5872962b601ea99da06
  languageName: node
  linkType: hard

"lodash.debounce@npm:^4.0.8":
  version: 4.0.8
  resolution: "lodash.debounce@npm:4.0.8"
  checksum: b6042bd8c09ff1961c9127d32266316bc21f946ece5e3464a663ec61fadb98e7d56ec0ef7e23b47d393695310c19cf24e651c1756be6da91ac02c72be7f79465
  languageName: node
  linkType: hard

"lodash.trim@npm:^4.5.1":
  version: 4.5.1
  resolution: "lodash.trim@npm:4.5.1"
  checksum: cdb571cd9e42fcd02f4ac2b2b084e02442456076aaed95afd5c183f5841eb3e9d6e9ee35d8f16f17ecf5ae3c72247c86523794c73b2e49fbff358b6d038baf6d
  languageName: node
  linkType: hard

"postcss-import-url@npm:^5.1.0":
  version: 5.1.0
  resolution: "postcss-import-url@npm:5.1.0"
  dependencies:
    http-https: ^1.0.0
    is-url: ^1.2.4
    lodash.assign: ^4.2.0
    lodash.trim: ^4.5.1
    resolve-relative-url: ^1.0.0
  peerDependencies:
    postcss: ">=6 <8"
  checksum: 72944fb90d57a8dc182e2f652b061c336b03fac73442cf108b7536ac990fcf357548cf891af2e1155176a9bd23b0ba4cd78e117016d89f3a531ce07a8329419e
  languageName: node
  linkType: hard

"postcss-selector-parser@npm:^6.0.2":
  version: 6.0.5
  resolution: "postcss-selector-parser@npm:6.0.5"
  dependencies:
    cssesc: ^3.0.0
    util-deprecate: ^1.0.2
  checksum: 24343ba437574807988c34f5f7724bd68ff2103d55c78dfe4a6d8904eeddcbc867a7f939658c0669338a322e32f4f1d7df82618d6edfe2db38dcd3fda737d770
  languageName: node
  linkType: hard

"postcss-ts-classnames@npm:^0.3.0":
  version: 0.3.0
  resolution: "postcss-ts-classnames@npm:0.3.0"
  dependencies:
    lodash.debounce: ^4.0.8
    postcss: ^7.0.21
    postcss-selector-parser: ^6.0.2
  checksum: bed5a45897bb88d60f341b72b08690f1fcf60539de5e57712a87f35cfb6c6324521fe4a4ab5e03b0e577e771a44b0f82835c0c904805afb107e8395d35a161be
  languageName: node
  linkType: hard

"postcss@npm:^7.0.21, postcss@npm:^7.0.35":
  version: 7.0.35
  resolution: "postcss@npm:7.0.35"
  dependencies:
    chalk: ^2.4.2
    source-map: ^0.6.1
    supports-color: ^6.1.0
  checksum: 8a979ea9799dd48399337708a395ddb8cf0e328515201ed35c99f5ba5eaa7688eae65764c570bf49b5be0b106226e2f222abc210de068b3d3da9a9a3bbb70567
  languageName: node
  linkType: hard

"punycode@npm:1.3.2":
  version: 1.3.2
  resolution: "punycode@npm:1.3.2"
  checksum: e67fddacd83b918ca2f4a47b1fd13858108779cdc2a3f2db3233ff82a25f9305d46e1d9891f7b9ad21ed36454adfc675d4559621fcffed2cf2067abd04e121cd
  languageName: node
  linkType: hard

"querystring@npm:0.2.0":
  version: 0.2.0
  resolution: "querystring@npm:0.2.0"
  checksum: 1e76c51462f0ffb148e0b2fdeb811f61377800298605229d32efcdaaaf0a8fd4314a4b4405e1fbf130a5ca421c0e51f926fab5bb9f8b9b3b8c394f4e2d33d3d1
  languageName: node
  linkType: hard

"resolve-relative-url@npm:^1.0.0":
  version: 1.0.0
  resolution: "resolve-relative-url@npm:1.0.0"
  dependencies:
    url: 0.10.x
  checksum: 12a5a242f0eea5733e58726cabc3f05212d874cfe52fff7325dbe83cb556493c547ab87c60f0c70761fa8cd97172bd8222177e5ac1faf30b8b5b22fd30a6b73a
  languageName: node
  linkType: hard

"source-map@npm:^0.6.1":
  version: 0.6.1
  resolution: "source-map@npm:0.6.1"
  checksum: 8647829a0611724114022be455ca1c8a2c8ae61df81c5b3667d9b398207226a1e21174fb7bbf0b4dbeb27ac358222afb5a14f1c74a62a62b8883b012e5eb1270
  languageName: node
  linkType: hard

"supports-color@npm:^5.3.0":
  version: 5.5.0
  resolution: "supports-color@npm:5.5.0"
  dependencies:
    has-flag: ^3.0.0
  checksum: edacee6425498440744c418be94b0660181aad2a1828bcf2be85c42bd385da2fd8b2b358d9b62b0c5b03ff5cd3e992458d7b8f879d9fb42f2201fe05a4848a29
  languageName: node
  linkType: hard

"supports-color@npm:^6.1.0":
  version: 6.1.0
  resolution: "supports-color@npm:6.1.0"
  dependencies:
    has-flag: ^3.0.0
  checksum: 86821571295ad9f808d5e0149f13c2b0ca6faaf1325c427b369e6f4b2b1e4759046b7a4ea0e3c3c7f2546035fa2fb0d6a90f31c6c4f751eaedbcdc1b983a08cc
  languageName: node
  linkType: hard

"url@npm:0.10.x":
  version: 0.10.3
  resolution: "url@npm:0.10.3"
  dependencies:
    punycode: 1.3.2
    querystring: 0.2.0
  checksum: 4c197edb8280fd9bb49db060aa7519ce29c8ae979fafa1c94a56ad0e067dc9da86079f0af0cebeead5b6ea7c0629144830009c28f415e19d0ccd20ddbdb310b7
  languageName: node
  linkType: hard

"util-deprecate@npm:^1.0.2":
  version: 1.0.2
  resolution: "util-deprecate@npm:1.0.2"
  checksum: 73c2b1cf0210ccac300645384d8443cabbd93194117b2dc1b3bae8d8279ad39aedac857e020c4ea505e96a1045059c7359db3df6a9df0be6b8584166c9d61dc9
  languageName: node
  linkType: hard
